{
  "name": "back-end",
  "lockfileVersion": 2,
  "requires": true,
  "packages": {
    "": {
      "dependencies": {
        "react-whatsapp-chat-widget": "^1.1.6"
      }
    },
    "node_modules/react-whatsapp-chat-widget": {
      "version": "1.1.6",
      "resolved": "https://registry.npmjs.org/react-whatsapp-chat-widget/-/react-whatsapp-chat-widget-1.1.6.tgz",
      "integrity": "sha512-rmUBtXpTapr0wFlEAQxwnHsPwdTNQCkUpSt2vpMF5l2Q1ApMV0OIOeNiWv2kktcRfEUNb2kgKau4rHfnrJyW4w=="
    }
  },
  "dependencies": {
    "react-whatsapp-chat-widget": {
      "version": "1.1.6",
      "resolved": "https://registry.npmjs.org/react-whatsapp-chat-widget/-/react-whatsapp-chat-widget-1.1.6.tgz",
      "integrity": "sha512-rmUBtXpTapr0wFlEAQxwnHsPwdTNQCkUpSt2vpMF5l2Q1ApMV0OIOeNiWv2kktcRfEUNb2kgKau4rHfnrJyW4w=="
    }
  }
}
